
Microsoft Visual Studio Solution File, Format Version 12.00
# Visual Studio Version 17
VisualStudioVersion = 17.14.36915.13 d17.14
MinimumVisualStudioVersion = 10.0.40219.1
Project("{FAE04EC0-301F-11D3-BF4B-00C04F79EFBC}") = "project-user", "project-user\project-user.csproj", "{B5D59A7C-09C6-44EF-A390-CA3558BD6BBD}"
EndProject
Global
	GlobalSection(SolutionConfigurationPlatforms) = preSolution
		Debug|Any CPU = Debug|Any CPU
		Release|Any CPU = Release|Any CPU
	EndGlobalSection
	GlobalSection(ProjectConfigurationPlatforms) = postSolution
		{B5D59A7C-09C6-44EF-A390-CA3558BD6BBD}.Debug|Any CPU.ActiveCfg = Debug|Any CPU
		{B5D59A7C-09C6-44EF-A390-CA3558BD6BBD}.Debug|Any CPU.Build.0 = Debug|Any CPU
		{B5D59A7C-09C6-44EF-A390-CA3558BD6BBD}.Release|Any CPU.ActiveCfg = Release|Any CPU
		{B5D59A7C-09C6-44EF-A390-CA3558BD6BBD}.Release|Any CPU.Build.0 = Release|Any CPU
	EndGlobalSection
	GlobalSection(SolutionProperties) = preSolution
		HideSolutionNode = FALSE
	EndGlobalSection
	GlobalSection(ExtensibilityGlobals) = postSolution
		SolutionGuid = {2D347BE3-0C72-4013-83B6-C917FFBAF78E}
	EndGlobalSection
EndGlobal
